
Microsoft Visual Studio Solution File, Format Version 12.00
# Visual Studio Version 16
VisualStudioVersion = 16.0.30503.244
MinimumVisualStudioVersion = 10.0.40219.1
Project("{FAE04EC0-301F-11D3-BF4B-00C04F79EFBC}") = "GubbeSomFaller", "GubbeSomFaller\GubbeSomFaller.csproj", "{FD488D68-17E3-4543-886B-132D21F80582}"
EndProject
Global
	GlobalSection(SolutionConfigurationPlatforms) = preSolution
		Debug|Any CPU = Debug|Any CPU
		Release|Any CPU = Release|Any CPU
	EndGlobalSection
	GlobalSection(ProjectConfigurationPlatforms) = postSolution
		{FD488D68-17E3-4543-886B-132D21F80582}.Debug|Any CPU.ActiveCfg = Debug|Any CPU
		{FD488D68-17E3-4543-886B-132D21F80582}.Debug|Any CPU.Build.0 = Debug|Any CPU
		{FD488D68-17E3-4543-886B-132D21F80582}.Release|Any CPU.ActiveCfg = Release|Any CPU
		{FD488D68-17E3-4543-886B-132D21F80582}.Release|Any CPU.Build.0 = Release|Any CPU
	EndGlobalSection
	GlobalSection(SolutionProperties) = preSolution
		HideSolutionNode = FALSE
	EndGlobalSection
	GlobalSection(ExtensibilityGlobals) = postSolution
		SolutionGuid = {811BA20F-16CC-464F-9980-5D74AC90EA17}
	EndGlobalSection
EndGlobal
